
Microsoft Visual Studio Solution File, Format Version 12.00
# Visual Studio 15
VisualStudioVersion = 15.0.27004.2006
MinimumVisualStudioVersion = 10.0.40219.1
Project("{FAE04EC0-301F-11D3-BF4B-00C04F79EFBC}") = "Roommate.Tests", "Roommate.Tests\Roommate.Tests.csproj", "{504BCCFA-B484-48A6-AC41-187D4FAF55AA}"
EndProject
Project("{9A19103F-16F7-4668-BE54-9A1E7A4F7556}") = "Roommate.Web", "Roommate.Web\Roommate.Web.csproj", "{DC77F81E-4E79-42E4-94E3-67E883240E9D}"
EndProject
Project("{FAE04EC0-301F-11D3-BF4B-00C04F79EFBC}") = "Roommate.Api", "Roommate.Api\Roommate.Api.csproj", "{D5190578-1289-4F9C-B26E-68FFC19B78B0}"
EndProject
Global
	GlobalSection(SolutionConfigurationPlatforms) = preSolution
		Debug|Any CPU = Debug|Any CPU
		Release|Any CPU = Release|Any CPU
	EndGlobalSection
	GlobalSection(ProjectConfigurationPlatforms) = postSolution
		{504BCCFA-B484-48A6-AC41-187D4FAF55AA}.Debug|Any CPU.ActiveCfg = Debug|Any CPU
		{504BCCFA-B484-48A6-AC41-187D4FAF55AA}.Debug|Any CPU.Build.0 = Debug|Any CPU
		{504BCCFA-B484-48A6-AC41-187D4FAF55AA}.Release|Any CPU.ActiveCfg = Release|Any CPU
		{504BCCFA-B484-48A6-AC41-187D4FAF55AA}.Release|Any CPU.Build.0 = Release|Any CPU
		{DC77F81E-4E79-42E4-94E3-67E883240E9D}.Debug|Any CPU.ActiveCfg = Debug|Any CPU
		{DC77F81E-4E79-42E4-94E3-67E883240E9D}.Debug|Any CPU.Build.0 = Debug|Any CPU
		{DC77F81E-4E79-42E4-94E3-67E883240E9D}.Release|Any CPU.ActiveCfg = Release|Any CPU
		{DC77F81E-4E79-42E4-94E3-67E883240E9D}.Release|Any CPU.Build.0 = Release|Any CPU
		{D5190578-1289-4F9C-B26E-68FFC19B78B0}.Debug|Any CPU.ActiveCfg = Debug|Any CPU
		{D5190578-1289-4F9C-B26E-68FFC19B78B0}.Debug|Any CPU.Build.0 = Debug|Any CPU
		{D5190578-1289-4F9C-B26E-68FFC19B78B0}.Release|Any CPU.ActiveCfg = Release|Any CPU
		{D5190578-1289-4F9C-B26E-68FFC19B78B0}.Release|Any CPU.Build.0 = Release|Any CPU
	EndGlobalSection
	GlobalSection(SolutionProperties) = preSolution
		HideSolutionNode = FALSE
	EndGlobalSection
	GlobalSection(ExtensibilityGlobals) = postSolution
		SolutionGuid = {CD0EA697-E588-4662-B340-3E6D49180D4C}
	EndGlobalSection
EndGlobal
